
Microsoft Visual Studio Solution File, Format Version 12.00
# Visual Studio Version 17
VisualStudioVersion = 17.0.32112.339
MinimumVisualStudioVersion = 10.0.40219.1
Project("{FAE04EC0-301F-11D3-BF4B-00C04F79EFBC}") = "BinarySearchTree", "BinarySearchTree\BinarySearchTree.csproj", "{5EBDC770-6C7C-4922-863C-E9E354EA5EE3}"
EndProject
Global
	GlobalSection(SolutionConfigurationPlatforms) = preSolution
		Debug|Any CPU = Debug|Any CPU
		Release|Any CPU = Release|Any CPU
	EndGlobalSection
	GlobalSection(ProjectConfigurationPlatforms) = postSolution
		{5EBDC770-6C7C-4922-863C-E9E354EA5EE3}.Debug|Any CPU.ActiveCfg = Debug|Any CPU
		{5EBDC770-6C7C-4922-863C-E9E354EA5EE3}.Debug|Any CPU.Build.0 = Debug|Any CPU
		{5EBDC770-6C7C-4922-863C-E9E354EA5EE3}.Release|Any CPU.ActiveCfg = Release|Any CPU
		{5EBDC770-6C7C-4922-863C-E9E354EA5EE3}.Release|Any CPU.Build.0 = Release|Any CPU
	EndGlobalSection
	GlobalSection(SolutionProperties) = preSolution
		HideSolutionNode = FALSE
	EndGlobalSection
	GlobalSection(ExtensibilityGlobals) = postSolution
		SolutionGuid = {CE0E8ECC-A04E-460E-9603-F396E0C1FD60}
	EndGlobalSection
EndGlobal
